
Microsoft Visual Studio Solution File, Format Version 12.00
# Visual Studio Version 16
VisualStudioVersion = 16.0.30204.135
MinimumVisualStudioVersion = 10.0.40219.1
Project("{FAE04EC0-301F-11D3-BF4B-00C04F79EFBC}") = "Lesson03-1", "Lesson03-1\Lesson03-1.csproj", "{421CE37A-5ECC-4EFD-9AE7-4C223EFC3FA3}"
EndProject
Project("{FAE04EC0-301F-11D3-BF4B-00C04F79EFBC}") = "Task01", "Task01\Task01.csproj", "{F1177CAC-A911-4662-B5D8-A677FDD7A901}"
EndProject
Project("{FAE04EC0-301F-11D3-BF4B-00C04F79EFBC}") = "Task02", "Task02\Task02.csproj", "{35A4D334-9D33-4EFA-882A-02242947925A}"
EndProject
Project("{FAE04EC0-301F-11D3-BF4B-00C04F79EFBC}") = "Task03", "Task03\Task03.csproj", "{6871BDDE-B9F6-49E0-A35D-D15172028395}"
EndProject
Global
	GlobalSection(SolutionConfigurationPlatforms) = preSolution
		Debug|Any CPU = Debug|Any CPU
		Release|Any CPU = Release|Any CPU
	EndGlobalSection
	GlobalSection(ProjectConfigurationPlatforms) = postSolution
		{421CE37A-5ECC-4EFD-9AE7-4C223EFC3FA3}.Debug|Any CPU.ActiveCfg = Debug|Any CPU
		{421CE37A-5ECC-4EFD-9AE7-4C223EFC3FA3}.Debug|Any CPU.Build.0 = Debug|Any CPU
		{421CE37A-5ECC-4EFD-9AE7-4C223EFC3FA3}.Release|Any CPU.ActiveCfg = Release|Any CPU
		{421CE37A-5ECC-4EFD-9AE7-4C223EFC3FA3}.Release|Any CPU.Build.0 = Release|Any CPU
		{F1177CAC-A911-4662-B5D8-A677FDD7A901}.Debug|Any CPU.ActiveCfg = Debug|Any CPU
		{F1177CAC-A911-4662-B5D8-A677FDD7A901}.Debug|Any CPU.Build.0 = Debug|Any CPU
		{F1177CAC-A911-4662-B5D8-A677FDD7A901}.Release|Any CPU.ActiveCfg = Release|Any CPU
		{F1177CAC-A911-4662-B5D8-A677FDD7A901}.Release|Any CPU.Build.0 = Release|Any CPU
		{35A4D334-9D33-4EFA-882A-02242947925A}.Debug|Any CPU.ActiveCfg = Debug|Any CPU
		{35A4D334-9D33-4EFA-882A-02242947925A}.Debug|Any CPU.Build.0 = Debug|Any CPU
		{35A4D334-9D33-4EFA-882A-02242947925A}.Release|Any CPU.ActiveCfg = Release|Any CPU
		{35A4D334-9D33-4EFA-882A-02242947925A}.Release|Any CPU.Build.0 = Release|Any CPU
		{6871BDDE-B9F6-49E0-A35D-D15172028395}.Debug|Any CPU.ActiveCfg = Debug|Any CPU
		{6871BDDE-B9F6-49E0-A35D-D15172028395}.Debug|Any CPU.Build.0 = Debug|Any CPU
		{6871BDDE-B9F6-49E0-A35D-D15172028395}.Release|Any CPU.ActiveCfg = Release|Any CPU
		{6871BDDE-B9F6-49E0-A35D-D15172028395}.Release|Any CPU.Build.0 = Release|Any CPU
	EndGlobalSection
	GlobalSection(SolutionProperties) = preSolution
		HideSolutionNode = FALSE
	EndGlobalSection
	GlobalSection(ExtensibilityGlobals) = postSolution
		SolutionGuid = {A6E557BB-2937-45DD-8CAF-BC28E1F3CF65}
	EndGlobalSection
EndGlobal
