
Microsoft Visual Studio Solution File, Format Version 12.00
# Visual Studio Version 16
VisualStudioVersion = 16.0.30611.23
MinimumVisualStudioVersion = 10.0.40219.1
Project("{FAE04EC0-301F-11D3-BF4B-00C04F79EFBC}") = "ConsoleApp1", "ConsoleApp1\ConsoleApp1.csproj", "{61AE6DF5-49E6-4761-A595-C480121289AE}"
EndProject
Global
	GlobalSection(SolutionConfigurationPlatforms) = preSolution
		Debug|Any CPU = Debug|Any CPU
		Release|Any CPU = Release|Any CPU
	EndGlobalSection
	GlobalSection(ProjectConfigurationPlatforms) = postSolution
		{61AE6DF5-49E6-4761-A595-C480121289AE}.Debug|Any CPU.ActiveCfg = Debug|Any CPU
		{61AE6DF5-49E6-4761-A595-C480121289AE}.Debug|Any CPU.Build.0 = Debug|Any CPU
		{61AE6DF5-49E6-4761-A595-C480121289AE}.Release|Any CPU.ActiveCfg = Release|Any CPU
		{61AE6DF5-49E6-4761-A595-C480121289AE}.Release|Any CPU.Build.0 = Release|Any CPU
	EndGlobalSection
	GlobalSection(SolutionProperties) = preSolution
		HideSolutionNode = FALSE
	EndGlobalSection
	GlobalSection(ExtensibilityGlobals) = postSolution
		SolutionGuid = {41610B88-F76D-4885-9548-669139385E75}
	EndGlobalSection
EndGlobal
